
Microsoft Visual Studio Solution File, Format Version 12.00
# Visual Studio Version 16
VisualStudioVersion = 16.0.30804.86
MinimumVisualStudioVersion = 10.0.40219.1
Project("{9A19103F-16F7-4668-BE54-9A1E7A4F7556}") = "BasketService", "BasketService\BasketService.csproj", "{69223289-70F0-49C0-A5FD-202FAD833BBD}"
EndProject
Project("{FAE04EC0-301F-11D3-BF4B-00C04F79EFBC}") = "BasketService.DAL", "BasketService.DAL\BasketService.DAL.csproj", "{5BE3809F-123B-4BE7-84C4-31129F5B0B58}"
EndProject
Project("{FAE04EC0-301F-11D3-BF4B-00C04F79EFBC}") = "BasketService.BL", "BasketService.BL\BasketService.BL.csproj", "{7F6AC323-2598-410B-99E4-71102C5A5EF3}"
EndProject
Global
	GlobalSection(SolutionConfigurationPlatforms) = preSolution
		Debug|Any CPU = Debug|Any CPU
		Release|Any CPU = Release|Any CPU
	EndGlobalSection
	GlobalSection(ProjectConfigurationPlatforms) = postSolution
		{69223289-70F0-49C0-A5FD-202FAD833BBD}.Debug|Any CPU.ActiveCfg = Debug|Any CPU
		{69223289-70F0-49C0-A5FD-202FAD833BBD}.Debug|Any CPU.Build.0 = Debug|Any CPU
		{69223289-70F0-49C0-A5FD-202FAD833BBD}.Release|Any CPU.ActiveCfg = Release|Any CPU
		{69223289-70F0-49C0-A5FD-202FAD833BBD}.Release|Any CPU.Build.0 = Release|Any CPU
		{5BE3809F-123B-4BE7-84C4-31129F5B0B58}.Debug|Any CPU.ActiveCfg = Debug|Any CPU
		{5BE3809F-123B-4BE7-84C4-31129F5B0B58}.Debug|Any CPU.Build.0 = Debug|Any CPU
		{5BE3809F-123B-4BE7-84C4-31129F5B0B58}.Release|Any CPU.ActiveCfg = Release|Any CPU
		{5BE3809F-123B-4BE7-84C4-31129F5B0B58}.Release|Any CPU.Build.0 = Release|Any CPU
		{7F6AC323-2598-410B-99E4-71102C5A5EF3}.Debug|Any CPU.ActiveCfg = Debug|Any CPU
		{7F6AC323-2598-410B-99E4-71102C5A5EF3}.Debug|Any CPU.Build.0 = Debug|Any CPU
		{7F6AC323-2598-410B-99E4-71102C5A5EF3}.Release|Any CPU.ActiveCfg = Release|Any CPU
		{7F6AC323-2598-410B-99E4-71102C5A5EF3}.Release|Any CPU.Build.0 = Release|Any CPU
	EndGlobalSection
	GlobalSection(SolutionProperties) = preSolution
		HideSolutionNode = FALSE
	EndGlobalSection
	GlobalSection(ExtensibilityGlobals) = postSolution
		SolutionGuid = {0AF20DCB-3F9E-40E8-9F16-5E3D6454CE32}
	EndGlobalSection
EndGlobal
